
Microsoft Visual Studio Solution File, Format Version 12.00
Project("{FAE04EC0-301F-11D3-BF4B-00C04F79EFBC}") = "Importer", "Importer\Importer.csproj", "{94ED3FE3-6204-412D-A319-367406C6C3A7}"
EndProject
Project("{FAE04EC0-301F-11D3-BF4B-00C04F79EFBC}") = "DKSRDomain", "DKSRDomain\DKSRDomain.csproj", "{226C9029-D30A-411C-AF0D-A800E87F1CC7}"
EndProject
Project("{FAE04EC0-301F-11D3-BF4B-00C04F79EFBC}") = "FrostApi", "FrostApi\FrostApi.csproj", "{190ADADE-61ED-494F-84B8-F6F8050E7152}"
EndProject
Project("{2150E333-8FDC-42A3-9474-1A3956D46DE8}") = "Solution Items", "Solution Items", "{5F16F9EE-A346-40ED-920F-20F0CD7C8FA4}"
	ProjectSection(SolutionItems) = preProject
		docker-compose.yml = docker-compose.yml
		.github\workflows\docker-portainer.yml = .github\workflows\docker-portainer.yml
		.github\workflows\dotnet.yml = .github\workflows\dotnet.yml
	EndProjectSection
EndProject
Global
	GlobalSection(SolutionConfigurationPlatforms) = preSolution
		Debug|Any CPU = Debug|Any CPU
		Release|Any CPU = Release|Any CPU
	EndGlobalSection
	GlobalSection(ProjectConfigurationPlatforms) = postSolution
		{94ED3FE3-6204-412D-A319-367406C6C3A7}.Debug|Any CPU.ActiveCfg = Debug|Any CPU
		{94ED3FE3-6204-412D-A319-367406C6C3A7}.Debug|Any CPU.Build.0 = Debug|Any CPU
		{94ED3FE3-6204-412D-A319-367406C6C3A7}.Release|Any CPU.ActiveCfg = Release|Any CPU
		{94ED3FE3-6204-412D-A319-367406C6C3A7}.Release|Any CPU.Build.0 = Release|Any CPU
		{226C9029-D30A-411C-AF0D-A800E87F1CC7}.Debug|Any CPU.ActiveCfg = Debug|Any CPU
		{226C9029-D30A-411C-AF0D-A800E87F1CC7}.Debug|Any CPU.Build.0 = Debug|Any CPU
		{226C9029-D30A-411C-AF0D-A800E87F1CC7}.Release|Any CPU.ActiveCfg = Release|Any CPU
		{226C9029-D30A-411C-AF0D-A800E87F1CC7}.Release|Any CPU.Build.0 = Release|Any CPU
		{190ADADE-61ED-494F-84B8-F6F8050E7152}.Debug|Any CPU.ActiveCfg = Debug|Any CPU
		{190ADADE-61ED-494F-84B8-F6F8050E7152}.Debug|Any CPU.Build.0 = Debug|Any CPU
		{190ADADE-61ED-494F-84B8-F6F8050E7152}.Release|Any CPU.ActiveCfg = Release|Any CPU
		{190ADADE-61ED-494F-84B8-F6F8050E7152}.Release|Any CPU.Build.0 = Release|Any CPU
	EndGlobalSection
EndGlobal
